
Microsoft Visual Studio Solution File, Format Version 12.00
# Visual Studio 2013
VisualStudioVersion = 12.0.31101.0
MinimumVisualStudioVersion = 10.0.40219.1
Project("{FAE04EC0-301F-11D3-BF4B-00C04F79EFBC}") = "LexSharp", "LexSharp\LexSharp.csproj", "{C0E57F6A-1E5D-49C1-BA4C-483CF583E653}"
EndProject
Project("{FAE04EC0-301F-11D3-BF4B-00C04F79EFBC}") = "LexSharpLibTests", "LexSharpTests\LexSharpLibTests.csproj", "{D8C4D45F-CF3D-42BD-B978-95B8008EA4FD}"
EndProject
Project("{FAE04EC0-301F-11D3-BF4B-00C04F79EFBC}") = "LexSharpLib", "CSharpLex\LexSharpLib.csproj", "{C6A51E86-E00A-4776-B647-4F55634396AA}"
EndProject
Project("{FAE04EC0-301F-11D3-BF4B-00C04F79EFBC}") = "ParserLib", "ParserLib\ParserLib.csproj", "{5BD461E9-72AA-44E1-A640-41266FA9C1CA}"
EndProject
Project("{FAE04EC0-301F-11D3-BF4B-00C04F79EFBC}") = "ParserLibTests", "ParserLibTests\ParserLibTests.csproj", "{9D00DB73-60B6-4362-ADEC-3873F21580E2}"
EndProject
Global
	GlobalSection(SolutionConfigurationPlatforms) = preSolution
		Debug|Any CPU = Debug|Any CPU
		Release|Any CPU = Release|Any CPU
	EndGlobalSection
	GlobalSection(ProjectConfigurationPlatforms) = postSolution
		{C0E57F6A-1E5D-49C1-BA4C-483CF583E653}.Debug|Any CPU.ActiveCfg = Debug|Any CPU
		{C0E57F6A-1E5D-49C1-BA4C-483CF583E653}.Debug|Any CPU.Build.0 = Debug|Any CPU
		{C0E57F6A-1E5D-49C1-BA4C-483CF583E653}.Release|Any CPU.ActiveCfg = Release|Any CPU
		{C0E57F6A-1E5D-49C1-BA4C-483CF583E653}.Release|Any CPU.Build.0 = Release|Any CPU
		{D8C4D45F-CF3D-42BD-B978-95B8008EA4FD}.Debug|Any CPU.ActiveCfg = Debug|Any CPU
		{D8C4D45F-CF3D-42BD-B978-95B8008EA4FD}.Debug|Any CPU.Build.0 = Debug|Any CPU
		{D8C4D45F-CF3D-42BD-B978-95B8008EA4FD}.Release|Any CPU.ActiveCfg = Release|Any CPU
		{D8C4D45F-CF3D-42BD-B978-95B8008EA4FD}.Release|Any CPU.Build.0 = Release|Any CPU
		{C6A51E86-E00A-4776-B647-4F55634396AA}.Debug|Any CPU.ActiveCfg = Debug|Any CPU
		{C6A51E86-E00A-4776-B647-4F55634396AA}.Debug|Any CPU.Build.0 = Debug|Any CPU
		{C6A51E86-E00A-4776-B647-4F55634396AA}.Release|Any CPU.ActiveCfg = Release|Any CPU
		{C6A51E86-E00A-4776-B647-4F55634396AA}.Release|Any CPU.Build.0 = Release|Any CPU
		{5BD461E9-72AA-44E1-A640-41266FA9C1CA}.Debug|Any CPU.ActiveCfg = Debug|Any CPU
		{5BD461E9-72AA-44E1-A640-41266FA9C1CA}.Debug|Any CPU.Build.0 = Debug|Any CPU
		{5BD461E9-72AA-44E1-A640-41266FA9C1CA}.Release|Any CPU.ActiveCfg = Release|Any CPU
		{5BD461E9-72AA-44E1-A640-41266FA9C1CA}.Release|Any CPU.Build.0 = Release|Any CPU
		{9D00DB73-60B6-4362-ADEC-3873F21580E2}.Debug|Any CPU.ActiveCfg = Debug|Any CPU
		{9D00DB73-60B6-4362-ADEC-3873F21580E2}.Debug|Any CPU.Build.0 = Debug|Any CPU
		{9D00DB73-60B6-4362-ADEC-3873F21580E2}.Release|Any CPU.ActiveCfg = Release|Any CPU
		{9D00DB73-60B6-4362-ADEC-3873F21580E2}.Release|Any CPU.Build.0 = Release|Any CPU
	EndGlobalSection
	GlobalSection(SolutionProperties) = preSolution
		HideSolutionNode = FALSE
	EndGlobalSection
EndGlobal
