
Microsoft Visual Studio Solution File, Format Version 12.00
# Visual Studio 14
VisualStudioVersion = 14.0.23107.0
MinimumVisualStudioVersion = 10.0.40219.1
Project("{2150E333-8FDC-42A3-9474-1A3956D46DE8}") = "Yallocc", "Yallocc", "{A92B1C83-52F7-440C-B9EB-979FDC876325}"
	ProjectSection(SolutionItems) = preProject
		Yallocc\ReadMe.txt = Yallocc\ReadMe.txt
	EndProjectSection
EndProject
Project("{2150E333-8FDC-42A3-9474-1A3956D46DE8}") = "Demonstrations", "Demonstrations", "{69F7E27A-FDD6-40A8-B0AA-8287F104249C}"
	ProjectSection(SolutionItems) = preProject
		Demonstrations\ReadMe.txt = Demonstrations\ReadMe.txt
	EndProjectSection
EndProject
Project("{FAE04EC0-301F-11D3-BF4B-00C04F79EFBC}") = "Tokenizer", "Yallocc\Tokenizer\Tokenizer.csproj", "{C6A51E86-E00A-4776-B647-4F55634396AA}"
EndProject
Project("{FAE04EC0-301F-11D3-BF4B-00C04F79EFBC}") = "TokenizerTests", "Yallocc\TokenizerTests\TokenizerTests.csproj", "{D8C4D45F-CF3D-42BD-B978-95B8008EA4FD}"
EndProject
Project("{FAE04EC0-301F-11D3-BF4B-00C04F79EFBC}") = "Yallocc", "Yallocc\Yallocc\Yallocc.csproj", "{5BD461E9-72AA-44E1-A640-41266FA9C1CA}"
EndProject
Project("{FAE04EC0-301F-11D3-BF4B-00C04F79EFBC}") = "Yallocc.SyntaxTree", "Yallocc\SyntaxTree\Yallocc.SyntaxTree.csproj", "{DF75A5BD-F67A-4504-922D-04B8801B46AB}"
EndProject
Project("{FAE04EC0-301F-11D3-BF4B-00C04F79EFBC}") = "Yallocc.SyntaxTreeTests", "Yallocc\SyntaxTreeTests\Yallocc.SyntaxTreeTests.csproj", "{7B324AF1-2936-4F90-91D3-BDA6C8C472DE}"
EndProject
Project("{FAE04EC0-301F-11D3-BF4B-00C04F79EFBC}") = "YalloccTests", "Yallocc\YalloccTests\YalloccTests.csproj", "{9D00DB73-60B6-4362-ADEC-3873F21580E2}"
EndProject
Project("{2150E333-8FDC-42A3-9474-1A3956D46DE8}") = "BasicDemo", "BasicDemo", "{6E87492C-8E8F-4D38-B4D9-397E46AC3FCE}"
EndProject
Project("{FAE04EC0-301F-11D3-BF4B-00C04F79EFBC}") = "BasicDemo", "Demonstrations\BasicDemo\BasicDemo\BasicDemo.csproj", "{B9D7DFD7-F85C-4B19-BDE3-885E0686B516}"
EndProject
Project("{FAE04EC0-301F-11D3-BF4B-00C04F79EFBC}") = "BasicDemoTests", "Demonstrations\BasicDemo\BasicDemoTests\BasicDemoTests.csproj", "{EBDFC24D-FEE8-406C-8D80-F7DD28CB6BDB}"
EndProject
Project("{2150E333-8FDC-42A3-9474-1A3956D46DE8}") = "TokenizerDemo", "TokenizerDemo", "{040761CA-5C89-4EC7-928A-4CF6D727B41C}"
EndProject
Project("{FAE04EC0-301F-11D3-BF4B-00C04F79EFBC}") = "TokenizerDemo", "Demonstrations\TokenizerDemo\TokenizerDemo.csproj", "{EBC2A6FA-99FF-48B9-A68F-05C901799955}"
EndProject
Project("{2150E333-8FDC-42A3-9474-1A3956D46DE8}") = "ParserDemo", "ParserDemo", "{AC0AF828-D0C2-4015-9979-01180C43A9EA}"
EndProject
Project("{2150E333-8FDC-42A3-9474-1A3956D46DE8}") = "SyntaxTreeDemo", "SyntaxTreeDemo", "{7AFE9519-A83F-4787-B24F-787F09E7BA99}"
EndProject
Project("{FAE04EC0-301F-11D3-BF4B-00C04F79EFBC}") = "ParserDemo", "Demonstrations\ParserDemo\ParserDemo.csproj", "{7B778985-02C7-4F5F-9BC5-E481632A5A03}"
EndProject
Project("{FAE04EC0-301F-11D3-BF4B-00C04F79EFBC}") = "SyntaxTreeDemo", "Demonstrations\SyntaxTreeDemo\SyntaxTreeDemo.csproj", "{4A0DBC96-20F2-4B13-B02F-4CD5BA110F9D}"
EndProject
Project("{2150E333-8FDC-42A3-9474-1A3956D46DE8}") = "RawParserDemo", "RawParserDemo", "{981CD1DE-6578-4953-ACE3-6E800537CD8B}"
EndProject
Project("{FAE04EC0-301F-11D3-BF4B-00C04F79EFBC}") = "RawParserDemo", "Demonstrations\PureParserDemo\RawParserDemo.csproj", "{C308E425-1DF8-490D-95E2-DB8E44520596}"
EndProject
Project("{2150E333-8FDC-42A3-9474-1A3956D46DE8}") = "ScanningBitGroupsDemo", "ScanningBitGroupsDemo", "{5843F41A-1D94-4765-A8EC-CAF9CED03F67}"
EndProject
Project("{FAE04EC0-301F-11D3-BF4B-00C04F79EFBC}") = "ScanningBitGroupsDemo", "Demonstrations\ScanningTextDemo\ScanningBitGroupsDemo.csproj", "{6B27A722-CFAA-4345-A870-61E9D64330B8}"
EndProject
Project("{2150E333-8FDC-42A3-9474-1A3956D46DE8}") = "ScanningBasicDemo", "ScanningBasicDemo", "{5F0ACC8E-36FA-4C20-A2DB-87BA358AB849}"
EndProject
Project("{FAE04EC0-301F-11D3-BF4B-00C04F79EFBC}") = "ScanningBasicDemo", "Demonstrations\ScanningBasicDemo\ScanningBasicDemo.csproj", "{486FB051-9E78-4D47-94DA-C2CE5C34A0AD}"
EndProject
Project("{FAE04EC0-301F-11D3-BF4B-00C04F79EFBC}") = "Tokenizer.LeTok", "Yallocc\Tokenizer.LeTok\Tokenizer.LeTok.csproj", "{43C0BAF7-2D9D-4B64-B2F4-ABC712D0EA0E}"
EndProject
Project("{FAE04EC0-301F-11D3-BF4B-00C04F79EFBC}") = "Tokenizer.LexSharp", "Yallocc\Tokenizer.LexSharp\Tokenizer.LexSharp.csproj", "{70D60623-16A5-4843-8351-8E819315A029}"
EndProject
Project("{FAE04EC0-301F-11D3-BF4B-00C04F79EFBC}") = "CommonLip", "Yallocc\CommonLip\CommonLip.csproj", "{6F1CED28-8B7D-420D-A0B1-5E3349F2727F}"
EndProject
Project("{FAE04EC0-301F-11D3-BF4B-00C04F79EFBC}") = "CommonLibTests", "Yallocc\CommonLibTests\CommonLibTests.csproj", "{6C55464C-40C3-43EB-BA4F-5E1C6AD7D513}"
EndProject
Global
	GlobalSection(SolutionConfigurationPlatforms) = preSolution
		Debug|Any CPU = Debug|Any CPU
		Release|Any CPU = Release|Any CPU
	EndGlobalSection
	GlobalSection(ProjectConfigurationPlatforms) = postSolution
		{C6A51E86-E00A-4776-B647-4F55634396AA}.Debug|Any CPU.ActiveCfg = Debug|Any CPU
		{C6A51E86-E00A-4776-B647-4F55634396AA}.Debug|Any CPU.Build.0 = Debug|Any CPU
		{C6A51E86-E00A-4776-B647-4F55634396AA}.Release|Any CPU.ActiveCfg = Release|Any CPU
		{C6A51E86-E00A-4776-B647-4F55634396AA}.Release|Any CPU.Build.0 = Release|Any CPU
		{D8C4D45F-CF3D-42BD-B978-95B8008EA4FD}.Debug|Any CPU.ActiveCfg = Debug|Any CPU
		{D8C4D45F-CF3D-42BD-B978-95B8008EA4FD}.Debug|Any CPU.Build.0 = Debug|Any CPU
		{D8C4D45F-CF3D-42BD-B978-95B8008EA4FD}.Release|Any CPU.ActiveCfg = Release|Any CPU
		{D8C4D45F-CF3D-42BD-B978-95B8008EA4FD}.Release|Any CPU.Build.0 = Release|Any CPU
		{5BD461E9-72AA-44E1-A640-41266FA9C1CA}.Debug|Any CPU.ActiveCfg = Debug|Any CPU
		{5BD461E9-72AA-44E1-A640-41266FA9C1CA}.Debug|Any CPU.Build.0 = Debug|Any CPU
		{5BD461E9-72AA-44E1-A640-41266FA9C1CA}.Release|Any CPU.ActiveCfg = Release|Any CPU
		{5BD461E9-72AA-44E1-A640-41266FA9C1CA}.Release|Any CPU.Build.0 = Release|Any CPU
		{DF75A5BD-F67A-4504-922D-04B8801B46AB}.Debug|Any CPU.ActiveCfg = Debug|Any CPU
		{DF75A5BD-F67A-4504-922D-04B8801B46AB}.Debug|Any CPU.Build.0 = Debug|Any CPU
		{DF75A5BD-F67A-4504-922D-04B8801B46AB}.Release|Any CPU.ActiveCfg = Release|Any CPU
		{DF75A5BD-F67A-4504-922D-04B8801B46AB}.Release|Any CPU.Build.0 = Release|Any CPU
		{7B324AF1-2936-4F90-91D3-BDA6C8C472DE}.Debug|Any CPU.ActiveCfg = Debug|Any CPU
		{7B324AF1-2936-4F90-91D3-BDA6C8C472DE}.Debug|Any CPU.Build.0 = Debug|Any CPU
		{7B324AF1-2936-4F90-91D3-BDA6C8C472DE}.Release|Any CPU.ActiveCfg = Release|Any CPU
		{7B324AF1-2936-4F90-91D3-BDA6C8C472DE}.Release|Any CPU.Build.0 = Release|Any CPU
		{9D00DB73-60B6-4362-ADEC-3873F21580E2}.Debug|Any CPU.ActiveCfg = Debug|Any CPU
		{9D00DB73-60B6-4362-ADEC-3873F21580E2}.Debug|Any CPU.Build.0 = Debug|Any CPU
		{9D00DB73-60B6-4362-ADEC-3873F21580E2}.Release|Any CPU.ActiveCfg = Release|Any CPU
		{9D00DB73-60B6-4362-ADEC-3873F21580E2}.Release|Any CPU.Build.0 = Release|Any CPU
		{B9D7DFD7-F85C-4B19-BDE3-885E0686B516}.Debug|Any CPU.ActiveCfg = Debug|Any CPU
		{B9D7DFD7-F85C-4B19-BDE3-885E0686B516}.Debug|Any CPU.Build.0 = Debug|Any CPU
		{B9D7DFD7-F85C-4B19-BDE3-885E0686B516}.Release|Any CPU.ActiveCfg = Release|Any CPU
		{B9D7DFD7-F85C-4B19-BDE3-885E0686B516}.Release|Any CPU.Build.0 = Release|Any CPU
		{EBDFC24D-FEE8-406C-8D80-F7DD28CB6BDB}.Debug|Any CPU.ActiveCfg = Debug|Any CPU
		{EBDFC24D-FEE8-406C-8D80-F7DD28CB6BDB}.Debug|Any CPU.Build.0 = Debug|Any CPU
		{EBDFC24D-FEE8-406C-8D80-F7DD28CB6BDB}.Release|Any CPU.ActiveCfg = Release|Any CPU
		{EBDFC24D-FEE8-406C-8D80-F7DD28CB6BDB}.Release|Any CPU.Build.0 = Release|Any CPU
		{EBC2A6FA-99FF-48B9-A68F-05C901799955}.Debug|Any CPU.ActiveCfg = Debug|Any CPU
		{EBC2A6FA-99FF-48B9-A68F-05C901799955}.Debug|Any CPU.Build.0 = Debug|Any CPU
		{EBC2A6FA-99FF-48B9-A68F-05C901799955}.Release|Any CPU.ActiveCfg = Release|Any CPU
		{EBC2A6FA-99FF-48B9-A68F-05C901799955}.Release|Any CPU.Build.0 = Release|Any CPU
		{7B778985-02C7-4F5F-9BC5-E481632A5A03}.Debug|Any CPU.ActiveCfg = Debug|Any CPU
		{7B778985-02C7-4F5F-9BC5-E481632A5A03}.Debug|Any CPU.Build.0 = Debug|Any CPU
		{7B778985-02C7-4F5F-9BC5-E481632A5A03}.Release|Any CPU.ActiveCfg = Release|Any CPU
		{7B778985-02C7-4F5F-9BC5-E481632A5A03}.Release|Any CPU.Build.0 = Release|Any CPU
		{4A0DBC96-20F2-4B13-B02F-4CD5BA110F9D}.Debug|Any CPU.ActiveCfg = Debug|Any CPU
		{4A0DBC96-20F2-4B13-B02F-4CD5BA110F9D}.Debug|Any CPU.Build.0 = Debug|Any CPU
		{4A0DBC96-20F2-4B13-B02F-4CD5BA110F9D}.Release|Any CPU.ActiveCfg = Release|Any CPU
		{4A0DBC96-20F2-4B13-B02F-4CD5BA110F9D}.Release|Any CPU.Build.0 = Release|Any CPU
		{C308E425-1DF8-490D-95E2-DB8E44520596}.Debug|Any CPU.ActiveCfg = Debug|Any CPU
		{C308E425-1DF8-490D-95E2-DB8E44520596}.Debug|Any CPU.Build.0 = Debug|Any CPU
		{C308E425-1DF8-490D-95E2-DB8E44520596}.Release|Any CPU.ActiveCfg = Release|Any CPU
		{C308E425-1DF8-490D-95E2-DB8E44520596}.Release|Any CPU.Build.0 = Release|Any CPU
		{6B27A722-CFAA-4345-A870-61E9D64330B8}.Debug|Any CPU.ActiveCfg = Debug|Any CPU
		{6B27A722-CFAA-4345-A870-61E9D64330B8}.Debug|Any CPU.Build.0 = Debug|Any CPU
		{6B27A722-CFAA-4345-A870-61E9D64330B8}.Release|Any CPU.ActiveCfg = Release|Any CPU
		{6B27A722-CFAA-4345-A870-61E9D64330B8}.Release|Any CPU.Build.0 = Release|Any CPU
		{486FB051-9E78-4D47-94DA-C2CE5C34A0AD}.Debug|Any CPU.ActiveCfg = Debug|Any CPU
		{486FB051-9E78-4D47-94DA-C2CE5C34A0AD}.Debug|Any CPU.Build.0 = Debug|Any CPU
		{486FB051-9E78-4D47-94DA-C2CE5C34A0AD}.Release|Any CPU.ActiveCfg = Release|Any CPU
		{486FB051-9E78-4D47-94DA-C2CE5C34A0AD}.Release|Any CPU.Build.0 = Release|Any CPU
		{43C0BAF7-2D9D-4B64-B2F4-ABC712D0EA0E}.Debug|Any CPU.ActiveCfg = Debug|Any CPU
		{43C0BAF7-2D9D-4B64-B2F4-ABC712D0EA0E}.Debug|Any CPU.Build.0 = Debug|Any CPU
		{43C0BAF7-2D9D-4B64-B2F4-ABC712D0EA0E}.Release|Any CPU.ActiveCfg = Release|Any CPU
		{43C0BAF7-2D9D-4B64-B2F4-ABC712D0EA0E}.Release|Any CPU.Build.0 = Release|Any CPU
		{70D60623-16A5-4843-8351-8E819315A029}.Debug|Any CPU.ActiveCfg = Debug|Any CPU
		{70D60623-16A5-4843-8351-8E819315A029}.Debug|Any CPU.Build.0 = Debug|Any CPU
		{70D60623-16A5-4843-8351-8E819315A029}.Release|Any CPU.ActiveCfg = Release|Any CPU
		{70D60623-16A5-4843-8351-8E819315A029}.Release|Any CPU.Build.0 = Release|Any CPU
		{6F1CED28-8B7D-420D-A0B1-5E3349F2727F}.Debug|Any CPU.ActiveCfg = Debug|Any CPU
		{6F1CED28-8B7D-420D-A0B1-5E3349F2727F}.Debug|Any CPU.Build.0 = Debug|Any CPU
		{6F1CED28-8B7D-420D-A0B1-5E3349F2727F}.Release|Any CPU.ActiveCfg = Release|Any CPU
		{6F1CED28-8B7D-420D-A0B1-5E3349F2727F}.Release|Any CPU.Build.0 = Release|Any CPU
		{6C55464C-40C3-43EB-BA4F-5E1C6AD7D513}.Debug|Any CPU.ActiveCfg = Debug|Any CPU
		{6C55464C-40C3-43EB-BA4F-5E1C6AD7D513}.Debug|Any CPU.Build.0 = Debug|Any CPU
		{6C55464C-40C3-43EB-BA4F-5E1C6AD7D513}.Release|Any CPU.ActiveCfg = Release|Any CPU
		{6C55464C-40C3-43EB-BA4F-5E1C6AD7D513}.Release|Any CPU.Build.0 = Release|Any CPU
	EndGlobalSection
	GlobalSection(SolutionProperties) = preSolution
		HideSolutionNode = FALSE
	EndGlobalSection
	GlobalSection(NestedProjects) = preSolution
		{C6A51E86-E00A-4776-B647-4F55634396AA} = {A92B1C83-52F7-440C-B9EB-979FDC876325}
		{D8C4D45F-CF3D-42BD-B978-95B8008EA4FD} = {A92B1C83-52F7-440C-B9EB-979FDC876325}
		{5BD461E9-72AA-44E1-A640-41266FA9C1CA} = {A92B1C83-52F7-440C-B9EB-979FDC876325}
		{DF75A5BD-F67A-4504-922D-04B8801B46AB} = {A92B1C83-52F7-440C-B9EB-979FDC876325}
		{7B324AF1-2936-4F90-91D3-BDA6C8C472DE} = {A92B1C83-52F7-440C-B9EB-979FDC876325}
		{9D00DB73-60B6-4362-ADEC-3873F21580E2} = {A92B1C83-52F7-440C-B9EB-979FDC876325}
		{6E87492C-8E8F-4D38-B4D9-397E46AC3FCE} = {69F7E27A-FDD6-40A8-B0AA-8287F104249C}
		{B9D7DFD7-F85C-4B19-BDE3-885E0686B516} = {6E87492C-8E8F-4D38-B4D9-397E46AC3FCE}
		{EBDFC24D-FEE8-406C-8D80-F7DD28CB6BDB} = {6E87492C-8E8F-4D38-B4D9-397E46AC3FCE}
		{040761CA-5C89-4EC7-928A-4CF6D727B41C} = {69F7E27A-FDD6-40A8-B0AA-8287F104249C}
		{EBC2A6FA-99FF-48B9-A68F-05C901799955} = {040761CA-5C89-4EC7-928A-4CF6D727B41C}
		{AC0AF828-D0C2-4015-9979-01180C43A9EA} = {69F7E27A-FDD6-40A8-B0AA-8287F104249C}
		{7AFE9519-A83F-4787-B24F-787F09E7BA99} = {69F7E27A-FDD6-40A8-B0AA-8287F104249C}
		{7B778985-02C7-4F5F-9BC5-E481632A5A03} = {AC0AF828-D0C2-4015-9979-01180C43A9EA}
		{4A0DBC96-20F2-4B13-B02F-4CD5BA110F9D} = {7AFE9519-A83F-4787-B24F-787F09E7BA99}
		{981CD1DE-6578-4953-ACE3-6E800537CD8B} = {69F7E27A-FDD6-40A8-B0AA-8287F104249C}
		{C308E425-1DF8-490D-95E2-DB8E44520596} = {981CD1DE-6578-4953-ACE3-6E800537CD8B}
		{5843F41A-1D94-4765-A8EC-CAF9CED03F67} = {69F7E27A-FDD6-40A8-B0AA-8287F104249C}
		{6B27A722-CFAA-4345-A870-61E9D64330B8} = {5843F41A-1D94-4765-A8EC-CAF9CED03F67}
		{5F0ACC8E-36FA-4C20-A2DB-87BA358AB849} = {69F7E27A-FDD6-40A8-B0AA-8287F104249C}
		{486FB051-9E78-4D47-94DA-C2CE5C34A0AD} = {5F0ACC8E-36FA-4C20-A2DB-87BA358AB849}
		{43C0BAF7-2D9D-4B64-B2F4-ABC712D0EA0E} = {A92B1C83-52F7-440C-B9EB-979FDC876325}
		{70D60623-16A5-4843-8351-8E819315A029} = {A92B1C83-52F7-440C-B9EB-979FDC876325}
		{6F1CED28-8B7D-420D-A0B1-5E3349F2727F} = {A92B1C83-52F7-440C-B9EB-979FDC876325}
		{6C55464C-40C3-43EB-BA4F-5E1C6AD7D513} = {A92B1C83-52F7-440C-B9EB-979FDC876325}
	EndGlobalSection
EndGlobal
